{
    "name": "vue-json-rpc-client-fetch-withcredentials",
    "version": "1.6.1",
    "lockfileVersion": 2,
    "requires": true,
    "packages": {
        "": {
            "name": "vue-json-rpc-client-fetch-withcredentials",
            "version": "1.6.1",
            "license": "MIT",
            "dependencies": {
                "json-rpc-client-fetch-withcredentials": "^1.0.0"
            }
        },
        "node_modules/json-rpc-client-fetch-withcredentials": {
            "version": "1.0.0",
            "resolved": "https://registry.npmjs.org/json-rpc-client-fetch-withcredentials/-/json-rpc-client-fetch-withcredentials-1.0.0.tgz",
            "integrity": "sha512-VvQxPdZuJv51mB1vUE+Mi9UAUT5uwi/qNbQUM8LWiN1Ig0kEs4JTR17Mt0qe0baTLps/p/zf+csWJCWhiM3H3Q=="
        }
    },
    "dependencies": {
        "json-rpc-client-fetch-withcredentials": {
            "version": "1.0.0",
            "resolved": "https://registry.npmjs.org/json-rpc-client-fetch-withcredentials/-/json-rpc-client-fetch-withcredentials-1.0.0.tgz",
            "integrity": "sha512-VvQxPdZuJv51mB1vUE+Mi9UAUT5uwi/qNbQUM8LWiN1Ig0kEs4JTR17Mt0qe0baTLps/p/zf+csWJCWhiM3H3Q=="
        }
    }
}
